// !$*UTF8*$!
{
	archiveVersion = 1;
	classes = {
	};
	objectVersion = 46;
	objects = {

/* Begin PBXBuildFile section */
		203AA9A9B568798CA5A8D36F /* libPods.a in Frameworks */ = {isa = PBXBuildFile; fileRef = 77F92A0BC4AA132AAA4946D0 /* libPods.a */; };
		510836FB1C95927F00257BED /* main.m in Sources */ = {isa = PBXBuildFile; fileRef = 510836FA1C95927F00257BED /* main.m */; };
		510836FE1C95927F00257BED /* AppDelegate.m in Sources */ = {isa = PBXBuildFile; fileRef = 510836FD1C95927F00257BED /* AppDelegate.m */; };
		510837061C95927F00257BED /* Assets.xcassets in Resources */ = {isa = PBXBuildFile; fileRef = 510837051C95927F00257BED /* Assets.xcassets */; };
		510837091C95927F00257BED /* LaunchScreen.storyboard in Resources */ = {isa = PBXBuildFile; fileRef = 510837071C95927F00257BED /* LaunchScreen.storyboard */; };
		516707C61C95A0C800C71E26 /* LoopViewModel.m in Sources */ = {isa = PBXBuildFile; fileRef = 516707C51C95A0C800C71E26 /* LoopViewModel.m */; };
		516707C81C95A1A200C71E26 /* Loopview.storyboard in Resources */ = {isa = PBXBuildFile; fileRef = 516707C71C95A1A200C71E26 /* Loopview.storyboard */; };
		516707CB1C95A39600C71E26 /* LoopViewController.m in Sources */ = {isa = PBXBuildFile; fileRef = 516707CA1C95A39600C71E26 /* LoopViewController.m */; };
		516707CF1C95AE2E00C71E26 /* KENetTool.m in Sources */ = {isa = PBXBuildFile; fileRef = 516707CE1C95AE2E00C71E26 /* KENetTool.m */; };
		51CDD3E31C9A59B300DDAB65 /* LoopViewCell.m in Sources */ = {isa = PBXBuildFile; fileRef = 51CDD3E21C9A59B300DDAB65 /* LoopViewCell.m */; };
/* End PBXBuildFile section */

/* Begin PBXFileReference section */
		06FF3DF55630DAADFC9003F1 /* Pods.debug.xcconfig */ = {isa = PBXFileReference; includeInIndex = 1; lastKnownFileType = text.xcconfig; name = Pods.debug.xcconfig; path = "Pods/Target Support Files/Pods/Pods.debug.xcconfig"; sourceTree = "<group>"; };
		510836F61C95927F00257BED /* 网易新闻.app */ = {isa = PBXFileReference; explicitFileType = wrapper.application; includeInIndex = 0; path = "网易新闻.app"; sourceTree = BUILT_PRODUCTS_DIR; };
		510836FA1C95927F00257BED /* main.m */ = {isa = PBXFileReference; lastKnownFileType = sourcecode.c.objc; path = main.m; sourceTree = "<group>"; };
		510836FC1C95927F00257BED /* AppDelegate.h */ = {isa = PBXFileReference; lastKnownFileType = sourcecode.c.h; path = AppDelegate.h; sourceTree = "<group>"; };
		510836FD1C95927F00257BED /* AppDelegate.m */ = {isa = PBXFileReference; lastKnownFileType = sourcecode.c.objc; path = AppDelegate.m; sourceTree = "<group>"; };
		510837051C95927F00257BED /* Assets.xcassets */ = {isa = PBXFileReference; lastKnownFileType = folder.assetcatalog; path = Assets.xcassets; sourceTree = "<group>"; };
		510837081C95927F00257BED /* Base */ = {isa = PBXFileReference; lastKnownFileType = file.storyboard; name = Base; path = Base.lproj/LaunchScreen.storyboard; sourceTree = "<group>"; };
		5108370A1C95927F00257BED /* Info.plist */ = {isa = PBXFileReference; lastKnownFileType = text.plist.xml; path = Info.plist; sourceTree = "<group>"; };
		516707C41C95A0C800C71E26 /* LoopViewModel.h */ = {isa = PBXFileReference; fileEncoding = 4; lastKnownFileType = sourcecode.c.h; path = LoopViewModel.h; sourceTree = "<group>"; };
		516707C51C95A0C800C71E26 /* LoopViewModel.m */ = {isa = PBXFileReference; fileEncoding = 4; lastKnownFileType = sourcecode.c.objc; path = LoopViewModel.m; sourceTree = "<group>"; };
		516707C71C95A1A200C71E26 /* Loopview.storyboard */ = {isa = PBXFileReference; fileEncoding = 4; lastKnownFileType = file.storyboard; path = Loopview.storyboard; sourceTree = "<group>"; };
		516707C91C95A39600C71E26 /* LoopViewController.h */ = {isa = PBXFileReference; fileEncoding = 4; lastKnownFileType = sourcecode.c.h; path = LoopViewController.h; sourceTree = "<group>"; };
		516707CA1C95A39600C71E26 /* LoopViewController.m */ = {isa = PBXFileReference; fileEncoding = 4; lastKnownFileType = sourcecode.c.objc; path = LoopViewController.m; sourceTree = "<group>"; };
		516707CD1C95AE2E00C71E26 /* KENetTool.h */ = {isa = PBXFileReference; fileEncoding = 4; lastKnownFileType = sourcecode.c.h; path = KENetTool.h; sourceTree = "<group>"; };
		516707CE1C95AE2E00C71E26 /* KENetTool.m */ = {isa = PBXFileReference; fileEncoding = 4; lastKnownFileType = sourcecode.c.objc; path = KENetTool.m; sourceTree = "<group>"; };
		51CDD3E11C9A59B300DDAB65 /* LoopViewCell.h */ = {isa = PBXFileReference; fileEncoding = 4; lastKnownFileType = sourcecode.c.h; path = LoopViewCell.h; sourceTree = "<group>"; };
		51CDD3E21C9A59B300DDAB65 /* LoopViewCell.m */ = {isa = PBXFileReference; fileEncoding = 4; lastKnownFileType = sourcecode.c.objc; path = LoopViewCell.m; sourceTree = "<group>"; };
		77F92A0BC4AA132AAA4946D0 /* libPods.a */ = {isa = PBXFileReference; explicitFileType = archive.ar; includeInIndex = 0; path = libPods.a; sourceTree = BUILT_PRODUCTS_DIR; };
		EE78F731859A37BDEF50B081 /* Pods.release.xcconfig */ = {isa = PBXFileReference; includeInIndex = 1; lastKnownFileType = text.xcconfig; name = Pods.release.xcconfig; path = "Pods/Target Support Files/Pods/Pods.release.xcconfig"; sourceTree = "<group>"; };
/* End PBXFileReference section */

/* Begin PBXFrameworksBuildPhase section */
		510836F31C95927F00257BED /* Frameworks */ = {
			isa = PBXFrameworksBuildPhase;
			buildActionMask = 2147483647;
			files = (
				203AA9A9B568798CA5A8D36F /* libPods.a in Frameworks */,
			);
			runOnlyForDeploymentPostprocessing = 0;
		};
/* End PBXFrameworksBuildPhase section */

/* Begin PBXGroup section */
		510836ED1C95927F00257BED = {
			isa = PBXGroup;
			children = (
				510836F81C95927F00257BED /* 网易新闻 */,
				510836F71C95927F00257BED /* Products */,
				B1C5E7E7C088B5B5A9D0D800 /* Pods */,
				E48E4D9259CE73F07DB394E9 /* Frameworks */,
			);
			sourceTree = "<group>";
		};
		510836F71C95927F00257BED /* Products */ = {
			isa = PBXGroup;
			children = (
				510836F61C95927F00257BED /* 网易新闻.app */,
			);
			name = Products;
			sourceTree = "<group>";
		};
		510836F81C95927F00257BED /* 网易新闻 */ = {
			isa = PBXGroup;
			children = (
				516707CC1C95ABBA00C71E26 /* Tool */,
				516707C01C959F9800C71E26 /* LoopView */,
				510836F91C95927F00257BED /* Supporting Files */,
			);
			path = "网易新闻";
			sourceTree = "<group>";
		};
		510836F91C95927F00257BED /* Supporting Files */ = {
			isa = PBXGroup;
			children = (
				510836FC1C95927F00257BED /* AppDelegate.h */,
				510836FD1C95927F00257BED /* AppDelegate.m */,
				510837051C95927F00257BED /* Assets.xcassets */,
				510837071C95927F00257BED /* LaunchScreen.storyboard */,
				5108370A1C95927F00257BED /* Info.plist */,
				510836FA1C95927F00257BED /* main.m */,
			);
			name = "Supporting Files";
			sourceTree = "<group>";
		};
		516707C01C959F9800C71E26 /* LoopView */ = {
			isa = PBXGroup;
			children = (
				516707C31C959FD900C71E26 /* controller */,
				516707C21C959FD200C71E26 /* view */,
				516707C11C959FBF00C71E26 /* model */,
			);
			name = LoopView;
			sourceTree = "<group>";
		};
		516707C11C959FBF00C71E26 /* model */ = {
			isa = PBXGroup;
			children = (
				516707C41C95A0C800C71E26 /* LoopViewModel.h */,
				516707C51C95A0C800C71E26 /* LoopViewModel.m */,
			);
			name = model;
			sourceTree = "<group>";
		};
		516707C21C959FD200C71E26 /* view */ = {
			isa = PBXGroup;
			children = (
				516707C71C95A1A200C71E26 /* Loopview.storyboard */,
				51CDD3E11C9A59B300DDAB65 /* LoopViewCell.h */,
				51CDD3E21C9A59B300DDAB65 /* LoopViewCell.m */,
			);
			name = view;
			sourceTree = "<group>";
		};
		516707C31C959FD900C71E26 /* controller */ = {
			isa = PBXGroup;
			children = (
				516707C91C95A39600C71E26 /* LoopViewController.h */,
				516707CA1C95A39600C71E26 /* LoopViewController.m */,
			);
			name = controller;
			sourceTree = "<group>";
		};
		516707CC1C95ABBA00C71E26 /* Tool */ = {
			isa = PBXGroup;
			children = (
				516707CD1C95AE2E00C71E26 /* KENetTool.h */,
				516707CE1C95AE2E00C71E26 /* KENetTool.m */,
			);
			name = Tool;
			sourceTree = "<group>";
		};
		B1C5E7E7C088B5B5A9D0D800 /* Pods */ = {
			isa = PBXGroup;
			children = (
				06FF3DF55630DAADFC9003F1 /* Pods.debug.xcconfig */,
				EE78F731859A37BDEF50B081 /* Pods.release.xcconfig */,
			);
			name = Pods;
			sourceTree = "<group>";
		};
		E48E4D9259CE73F07DB394E9 /* Frameworks */ = {
			isa = PBXGroup;
			children = (
				77F92A0BC4AA132AAA4946D0 /* libPods.a */,
			);
			name = Frameworks;
			sourceTree = "<group>";
		};
/* End PBXGroup section */

/* Begin PBXNativeTarget section */
		510836F51C95927F00257BED /* 网易新闻 */ = {
			isa = PBXNativeTarget;
			buildConfigurationList = 5108370D1C95927F00257BED /* Build configuration list for PBXNativeTarget "网易新闻" */;
			buildPhases = (
				7FF6FDAD62E888A50168B87D /* Check Pods Manifest.lock */,
				510836F21C95927F00257BED /* Sources */,
				510836F31C95927F00257BED /* Frameworks */,
				510836F41C95927F00257BED /* Resources */,
				D25A2D7B73C0CC1762A593D5 /* Embed Pods Frameworks */,
				A4BC65CFAC0A7ED6EC2B264B /* Copy Pods Resources */,
			);
			buildRules = (
			);
			dependencies = (
			);
			name = "网易新闻";
			productName = "网易新闻";
			productReference = 510836F61C95927F00257BED /* 网易新闻.app */;
			productType = "com.apple.product-type.application";
		};
/* End PBXNativeTarget section */

/* Begin PBXProject section */
		510836EE1C95927F00257BED /* Project object */ = {
			isa = PBXProject;
			attributes = {
				LastUpgradeCheck = 0720;
				ORGANIZATIONNAME = ake;
				TargetAttributes = {
					510836F51C95927F00257BED = {
						CreatedOnToolsVersion = 7.2;
						DevelopmentTeam = 9R4C6JP8P6;
					};
				};
			};
			buildConfigurationList = 510836F11C95927F00257BED /* Build configuration list for PBXProject "网易新闻" */;
			compatibilityVersion = "Xcode 3.2";
			developmentRegion = English;
			hasScannedForEncodings = 0;
			knownRegions = (
				en,
				Base,
			);
			mainGroup = 510836ED1C95927F00257BED;
			productRefGroup = 510836F71C95927F00257BED /* Products */;
			projectDirPath = "";
			projectRoot = "";
			targets = (
				510836F51C95927F00257BED /* 网易新闻 */,
			);
		};
/* End PBXProject section */

/* Begin PBXResourcesBuildPhase section */
		510836F41C95927F00257BED /* Resources */ = {
			isa = PBXResourcesBuildPhase;
			buildActionMask = 2147483647;
			files = (
				510837091C95927F00257BED /* LaunchScreen.storyboard in Resources */,
				510837061C95927F00257BED /* Assets.xcassets in Resources */,
				516707C81C95A1A200C71E26 /* Loopview.storyboard in Resources */,
			);
			runOnlyForDeploymentPostprocessing = 0;
		};
/* End PBXResourcesBuildPhase section */

/* Begin PBXShellScriptBuildPhase section */
		7FF6FDAD62E888A50168B87D /* Check Pods Manifest.lock */ = {
			isa = PBXShellScriptBuildPhase;
			buildActionMask = 2147483647;
			files = (
			);
			inputPaths = (
			);
			name = "Check Pods Manifest.lock";
			outputPaths = (
			);
			runOnlyForDeploymentPostprocessing = 0;
			shellPath = /bin/sh;
			shellScript = "diff \"${PODS_ROOT}/../Podfile.lock\" \"${PODS_ROOT}/Manifest.lock\" > /dev/null\nif [[ $? != 0 ]] ; then\n    cat << EOM\nerror: The sandbox is not in sync with the Podfile.lock. Run 'pod install' or update your CocoaPods installation.\nEOM\n    exit 1\nfi\n";
			showEnvVarsInLog = 0;
		};
		A4BC65CFAC0A7ED6EC2B264B /* Copy Pods Resources */ = {
			isa = PBXShellScriptBuildPhase;
			buildActionMask = 2147483647;
			files = (
			);
			inputPaths = (
			);
			name = "Copy Pods Resources";
			outputPaths = (
			);
			runOnlyForDeploymentPostprocessing = 0;
			shellPath = /bin/sh;
			shellScript = "\"${SRCROOT}/Pods/Target Support Files/Pods/Pods-resources.sh\"\n";
			showEnvVarsInLog = 0;
		};
		D25A2D7B73C0CC1762A593D5 /* Embed Pods Frameworks */ = {
			isa = PBXShellScriptBuildPhase;
			buildActionMask = 2147483647;
			files = (
			);
			inputPaths = (
			);
			name = "Embed Pods Frameworks";
			outputPaths = (
			);
			runOnlyForDeploymentPostprocessing = 0;
			shellPath = /bin/sh;
			shellScript = "\"${SRCROOT}/Pods/Target Support Files/Pods/Pods-frameworks.sh\"\n";
			showEnvVarsInLog = 0;
		};
/* End PBXShellScriptBuildPhase section */

/* Begin PBXSourcesBuildPhase section */
		510836F21C95927F00257BED /* Sources */ = {
			isa = PBXSourcesBuildPhase;
			buildActionMask = 2147483647;
			files = (
				510836FE1C95927F00257BED /* AppDelegate.m in Sources */,
				516707C61C95A0C800C71E26 /* LoopViewModel.m in Sources */,
				510836FB1C95927F00257BED /* main.m in Sources */,
				516707CB1C95A39600C71E26 /* LoopViewController.m in Sources */,
				51CDD3E31C9A59B300DDAB65 /* LoopViewCell.m in Sources */,
				516707CF1C95AE2E00C71E26 /* KENetTool.m in Sources */,
			);
			runOnlyForDeploymentPostprocessing = 0;
		};
/* End PBXSourcesBuildPhase section */

/* Begin PBXVariantGroup section */
		510837071C95927F00257BED /* LaunchScreen.storyboard */ = {
			isa = PBXVariantGroup;
			children = (
				510837081C95927F00257BED /* Base */,
			);
			name = LaunchScreen.storyboard;
			sourceTree = "<group>";
		};
/* End PBXVariantGroup section */

/* Begin XCBuildConfiguration section */
		5108370B1C95927F00257BED /* Debug */ = {
			isa = XCBuildConfiguration;
			buildSettings = {
				ALWAYS_SEARCH_USER_PATHS = NO;
				CLANG_CXX_LANGUAGE_STANDARD = "gnu++0x";
				CLANG_CXX_LIBRARY = "libc++";
				CLANG_ENABLE_MODULES = YES;
				CLANG_ENABLE_OBJC_ARC = YES;
				CLANG_WARN_BOOL_CONVERSION = YES;
				CLANG_WARN_CONSTANT_CONVERSION = YES;
				CLANG_WARN_DIRECT_OBJC_ISA_USAGE = YES_ERROR;
				CLANG_WARN_EMPTY_BODY = YES;
				CLANG_WARN_ENUM_CONVERSION = YES;
				CLANG_WARN_INT_CONVERSION = YES;
				CLANG_WARN_OBJC_ROOT_CLASS = YES_ERROR;
				CLANG_WARN_UNREACHABLE_CODE = YES;
				CLANG_WARN__DUPLICATE_METHOD_MATCH = YES;
				"CODE_SIGN_IDENTITY[sdk=iphoneos*]" = "iPhone Developer";
				COPY_PHASE_STRIP = NO;
				DEBUG_INFORMATION_FORMAT = dwarf;
				ENABLE_STRICT_OBJC_MSGSEND = YES;
				ENABLE_TESTABILITY = YES;
				GCC_C_LANGUAGE_STANDARD = gnu99;
				GCC_DYNAMIC_NO_PIC = NO;
				GCC_NO_COMMON_BLOCKS = YES;
				GCC_OPTIMIZATION_LEVEL = 0;
				GCC_PREPROCESSOR_DEFINITIONS = (
					"DEBUG=1",
					"$(inherited)",
				);
				GCC_WARN_64_TO_32_BIT_CONVERSION = YES;
				GCC_WARN_ABOUT_RETURN_TYPE = YES_ERROR;
				GCC_WARN_UNDECLARED_SELECTOR = YES;
				GCC_WARN_UNINITIALIZED_AUTOS = YES_AGGRESSIVE;
				GCC_WARN_UNUSED_FUNCTION = YES;
				GCC_WARN_UNUSED_VARIABLE = YES;
				IPHONEOS_DEPLOYMENT_TARGET = 9.2;
				MTL_ENABLE_DEBUG_INFO = YES;
				ONLY_ACTIVE_ARCH = YES;
				SDKROOT = iphoneos;
			};
			name = Debug;
		};
		5108370C1C95927F00257BED /* Release */ = {
			isa = XCBuildConfiguration;
			buildSettings = {
				ALWAYS_SEARCH_USER_PATHS = NO;
				CLANG_CXX_LANGUAGE_STANDARD = "gnu++0x";
				CLANG_CXX_LIBRARY = "libc++";
				CLANG_ENABLE_MODULES = YES;
				CLANG_ENABLE_OBJC_ARC = YES;
				CLANG_WARN_BOOL_CONVERSION = YES;
				CLANG_WARN_CONSTANT_CONVERSION = YES;
				CLANG_WARN_DIRECT_OBJC_ISA_USAGE = YES_ERROR;
				CLANG_WARN_EMPTY_BODY = YES;
				CLANG_WARN_ENUM_CONVERSION = YES;
				CLANG_WARN_INT_CONVERSION = YES;
				CLANG_WARN_OBJC_ROOT_CLASS = YES_ERROR;
				CLANG_WARN_UNREACHABLE_CODE = YES;
				CLANG_WARN__DUPLICATE_METHOD_MATCH = YES;
				"CODE_SIGN_IDENTITY[sdk=iphoneos*]" = "iPhone Developer";
				COPY_PHASE_STRIP = NO;
				DEBUG_INFORMATION_FORMAT = "dwarf-with-dsym";
				ENABLE_NS_ASSERTIONS = NO;
				ENABLE_STRICT_OBJC_MSGSEND = YES;
				GCC_C_LANGUAGE_STANDARD = gnu99;
				GCC_NO_COMMON_BLOCKS = YES;
				GCC_WARN_64_TO_32_BIT_CONVERSION = YES;
				GCC_WARN_ABOUT_RETURN_TYPE = YES_ERROR;
				GCC_WARN_UNDECLARED_SELECTOR = YES;
				GCC_WARN_UNINITIALIZED_AUTOS = YES_AGGRESSIVE;
				GCC_WARN_UNUSED_FUNCTION = YES;
				GCC_WARN_UNUSED_VARIABLE = YES;
				IPHONEOS_DEPLOYMENT_TARGET = 9.2;
				MTL_ENABLE_DEBUG_INFO = NO;
				SDKROOT = iphoneos;
				VALIDATE_PRODUCT = YES;
			};
			name = Release;
		};
		5108370E1C95927F00257BED /* Debug */ = {
			isa = XCBuildConfiguration;
			baseConfigurationReference = 06FF3DF55630DAADFC9003F1 /* Pods.debug.xcconfig */;
			buildSettings = {
				ASSETCATALOG_COMPILER_APPICON_NAME = AppIcon;
				INFOPLIST_FILE = "网易新闻/Info.plist";
				LD_RUNPATH_SEARCH_PATHS = "$(inherited) @executable_path/Frameworks";
				PRODUCT_BUNDLE_IDENTIFIER = "cn.ake.----";
				PRODUCT_NAME = "$(TARGET_NAME)";
			};
			name = Debug;
		};
		5108370F1C95927F00257BED /* Release */ = {
			isa = XCBuildConfiguration;
			baseConfigurationReference = EE78F731859A37BDEF50B081 /* Pods.release.xcconfig */;
			buildSettings = {
				ASSETCATALOG_COMPILER_APPICON_NAME = AppIcon;
				INFOPLIST_FILE = "网易新闻/Info.plist";
				LD_RUNPATH_SEARCH_PATHS = "$(inherited) @executable_path/Frameworks";
				PRODUCT_BUNDLE_IDENTIFIER = "cn.ake.----";
				PRODUCT_NAME = "$(TARGET_NAME)";
			};
			name = Release;
		};
/* End XCBuildConfiguration section */

/* Begin XCConfigurationList section */
		510836F11C95927F00257BED /* Build configuration list for PBXProject "网易新闻" */ = {
			isa = XCConfigurationList;
			buildConfigurations = (
				5108370B1C95927F00257BED /* Debug */,
				5108370C1C95927F00257BED /* Release */,
			);
			defaultConfigurationIsVisible = 0;
			defaultConfigurationName = Release;
		};
		5108370D1C95927F00257BED /* Build configuration list for PBXNativeTarget "网易新闻" */ = {
			isa = XCConfigurationList;
			buildConfigurations = (
				5108370E1C95927F00257BED /* Debug */,
				5108370F1C95927F00257BED /* Release */,
			);
			defaultConfigurationIsVisible = 0;
			defaultConfigurationName = Release;
		};
/* End XCConfigurationList section */
	};
	rootObject = 510836EE1C95927F00257BED /* Project object */;
}
